// !$*UTF8*$!
{
	archiveVersion = 1;
	classes = {
	};
	objectVersion = 55;
	objects = {

/* Begin PBXBuildFile section */
		5250E12828016A06003D53C2 /* MemoApp.swift in Sources */ = {isa = PBXBuildFile; fileRef = 5250E118280169FE003D53C2 /* MemoApp.swift */; };
		5250E12928016A06003D53C2 /* MemoApp.swift in Sources */ = {isa = PBXBuildFile; fileRef = 5250E118280169FE003D53C2 /* MemoApp.swift */; };
		5250E12A28016A06003D53C2 /* Home.swift in Sources */ = {isa = PBXBuildFile; fileRef = 5250E119280169FE003D53C2 /* Home.swift */; };
		5250E12B28016A06003D53C2 /* Home.swift in Sources */ = {isa = PBXBuildFile; fileRef = 5250E119280169FE003D53C2 /* Home.swift */; };
		5250E12C28016A06003D53C2 /* Assets.xcassets in Resources */ = {isa = PBXBuildFile; fileRef = 5250E11A28016A06003D53C2 /* Assets.xcassets */; };
		5250E12D28016A06003D53C2 /* Assets.xcassets in Resources */ = {isa = PBXBuildFile; fileRef = 5250E11A28016A06003D53C2 /* Assets.xcassets */; };
		5250E13728016F12003D53C2 /* Profile.swift in Sources */ = {isa = PBXBuildFile; fileRef = 5250E13628016F12003D53C2 /* Profile.swift */; };
		5250E13828016F12003D53C2 /* Profile.swift in Sources */ = {isa = PBXBuildFile; fileRef = 5250E13628016F12003D53C2 /* Profile.swift */; };
		5250E13C280170B2003D53C2 /* StrechyHeader.swift in Sources */ = {isa = PBXBuildFile; fileRef = 5250E13B280170B2003D53C2 /* StrechyHeader.swift */; };
		5250E13D280170B2003D53C2 /* StrechyHeader.swift in Sources */ = {isa = PBXBuildFile; fileRef = 5250E13B280170B2003D53C2 /* StrechyHeader.swift */; };
		5250E13F2801727B003D53C2 /* View.swift in Sources */ = {isa = PBXBuildFile; fileRef = 5250E13E2801727B003D53C2 /* View.swift */; };
		5250E1402801727B003D53C2 /* View.swift in Sources */ = {isa = PBXBuildFile; fileRef = 5250E13E2801727B003D53C2 /* View.swift */; };
		5250E14328017381003D53C2 /* Border.swift in Sources */ = {isa = PBXBuildFile; fileRef = 5250E14228017381003D53C2 /* Border.swift */; };
		5250E14428017381003D53C2 /* Border.swift in Sources */ = {isa = PBXBuildFile; fileRef = 5250E14228017381003D53C2 /* Border.swift */; };
		5250E14628017AFF003D53C2 /* Temp.swift in Sources */ = {isa = PBXBuildFile; fileRef = 5250E14528017AFF003D53C2 /* Temp.swift */; };
		5250E14728017AFF003D53C2 /* Temp.swift in Sources */ = {isa = PBXBuildFile; fileRef = 5250E14528017AFF003D53C2 /* Temp.swift */; };
		5250E14F280188F2003D53C2 /* Settings.swift in Sources */ = {isa = PBXBuildFile; fileRef = 5250E14E280188F2003D53C2 /* Settings.swift */; };
/* End PBXBuildFile section */

/* Begin PBXFileReference section */
		5250E118280169FE003D53C2 /* MemoApp.swift */ = {isa = PBXFileReference; lastKnownFileType = sourcecode.swift; path = MemoApp.swift; sourceTree = "<group>"; };
		5250E119280169FE003D53C2 /* Home.swift */ = {isa = PBXFileReference; lastKnownFileType = sourcecode.swift; path = Home.swift; sourceTree = "<group>"; };
		5250E11A28016A06003D53C2 /* Assets.xcassets */ = {isa = PBXFileReference; lastKnownFileType = folder.assetcatalog; path = Assets.xcassets; sourceTree = "<group>"; };
		5250E11F28016A06003D53C2 /* Memo.app */ = {isa = PBXFileReference; explicitFileType = wrapper.application; includeInIndex = 0; path = Memo.app; sourceTree = BUILT_PRODUCTS_DIR; };
		5250E12528016A06003D53C2 /* Memo.app */ = {isa = PBXFileReference; explicitFileType = wrapper.application; includeInIndex = 0; path = Memo.app; sourceTree = BUILT_PRODUCTS_DIR; };
		5250E12728016A06003D53C2 /* macOS.entitlements */ = {isa = PBXFileReference; lastKnownFileType = text.plist.entitlements; path = macOS.entitlements; sourceTree = "<group>"; };
		5250E13628016F12003D53C2 /* Profile.swift */ = {isa = PBXFileReference; lastKnownFileType = sourcecode.swift; path = Profile.swift; sourceTree = "<group>"; };
		5250E13B280170B2003D53C2 /* StrechyHeader.swift */ = {isa = PBXFileReference; lastKnownFileType = sourcecode.swift; path = StrechyHeader.swift; sourceTree = "<group>"; };
		5250E13E2801727B003D53C2 /* View.swift */ = {isa = PBXFileReference; lastKnownFileType = sourcecode.swift; path = View.swift; sourceTree = "<group>"; };
		5250E14228017381003D53C2 /* Border.swift */ = {isa = PBXFileReference; lastKnownFileType = sourcecode.swift; path = Border.swift; sourceTree = "<group>"; };
		5250E14528017AFF003D53C2 /* Temp.swift */ = {isa = PBXFileReference; lastKnownFileType = sourcecode.swift; path = Temp.swift; sourceTree = "<group>"; };
		5250E14E280188F2003D53C2 /* Settings.swift */ = {isa = PBXFileReference; lastKnownFileType = sourcecode.swift; path = Settings.swift; sourceTree = "<group>"; };
/* End PBXFileReference section */

/* Begin PBXFrameworksBuildPhase section */
		5250E11C28016A06003D53C2 /* Frameworks */ = {
			isa = PBXFrameworksBuildPhase;
			buildActionMask = 2147483647;
			files = (
			);
			runOnlyForDeploymentPostprocessing = 0;
		};
		5250E12228016A06003D53C2 /* Frameworks */ = {
			isa = PBXFrameworksBuildPhase;
			buildActionMask = 2147483647;
			files = (
			);
			runOnlyForDeploymentPostprocessing = 0;
		};
/* End PBXFrameworksBuildPhase section */

/* Begin PBXGroup section */
		5250E112280169FE003D53C2 = {
			isa = PBXGroup;
			children = (
				5250E117280169FE003D53C2 /* Shared */,
				5250E12628016A06003D53C2 /* macOS */,
				5250E12028016A06003D53C2 /* Products */,
			);
			sourceTree = "<group>";
		};
		5250E117280169FE003D53C2 /* Shared */ = {
			isa = PBXGroup;
			children = (
				5250E13928017078003D53C2 /* Views */,
				5250E118280169FE003D53C2 /* MemoApp.swift */,
				5250E11A28016A06003D53C2 /* Assets.xcassets */,
				5250E14128017282003D53C2 /* Extentions */,
			);
			path = Shared;
			sourceTree = "<group>";
		};
		5250E12028016A06003D53C2 /* Products */ = {
			isa = PBXGroup;
			children = (
				5250E11F28016A06003D53C2 /* Memo.app */,
				5250E12528016A06003D53C2 /* Memo.app */,
			);
			name = Products;
			sourceTree = "<group>";
		};
		5250E12628016A06003D53C2 /* macOS */ = {
			isa = PBXGroup;
			children = (
				5250E12728016A06003D53C2 /* macOS.entitlements */,
			);
			path = macOS;
			sourceTree = "<group>";
		};
		5250E13928017078003D53C2 /* Views */ = {
			isa = PBXGroup;
			children = (
				5250E13A28017090003D53C2 /* Shared */,
				5250E119280169FE003D53C2 /* Home.swift */,
				5250E14828018790003D53C2 /* Profile */,
			);
			path = Views;
			sourceTree = "<group>";
		};
		5250E13A28017090003D53C2 /* Shared */ = {
			isa = PBXGroup;
			children = (
				5250E14528017AFF003D53C2 /* Temp.swift */,
			);
			path = Shared;
			sourceTree = "<group>";
		};
		5250E14128017282003D53C2 /* Extentions */ = {
			isa = PBXGroup;
			children = (
				5250E13E2801727B003D53C2 /* View.swift */,
				5250E14228017381003D53C2 /* Border.swift */,
			);
			path = Extentions;
			sourceTree = "<group>";
		};
		5250E14828018790003D53C2 /* Profile */ = {
			isa = PBXGroup;
			children = (
				5250E14D280188E1003D53C2 /* Settings */,
				5250E149280187A0003D53C2 /* Header */,
				5250E13628016F12003D53C2 /* Profile.swift */,
			);
			path = Profile;
			sourceTree = "<group>";
		};
		5250E149280187A0003D53C2 /* Header */ = {
			isa = PBXGroup;
			children = (
				5250E13B280170B2003D53C2 /* StrechyHeader.swift */,
			);
			path = Header;
			sourceTree = "<group>";
		};
		5250E14D280188E1003D53C2 /* Settings */ = {
			isa = PBXGroup;
			children = (
				5250E14E280188F2003D53C2 /* Settings.swift */,
			);
			path = Settings;
			sourceTree = "<group>";
		};
/* End PBXGroup section */

/* Begin PBXNativeTarget section */
		5250E11E28016A06003D53C2 /* Memo (iOS) */ = {
			isa = PBXNativeTarget;
			buildConfigurationList = 5250E13028016A06003D53C2 /* Build configuration list for PBXNativeTarget "Memo (iOS)" */;
			buildPhases = (
				5250E11B28016A06003D53C2 /* Sources */,
				5250E11C28016A06003D53C2 /* Frameworks */,
				5250E11D28016A06003D53C2 /* Resources */,
			);
			buildRules = (
			);
			dependencies = (
			);
			name = "Memo (iOS)";
			productName = "Memo (iOS)";
			productReference = 5250E11F28016A06003D53C2 /* Memo.app */;
			productType = "com.apple.product-type.application";
		};
		5250E12428016A06003D53C2 /* Memo (macOS) */ = {
			isa = PBXNativeTarget;
			buildConfigurationList = 5250E13328016A06003D53C2 /* Build configuration list for PBXNativeTarget "Memo (macOS)" */;
			buildPhases = (
				5250E12128016A06003D53C2 /* Sources */,
				5250E12228016A06003D53C2 /* Frameworks */,
				5250E12328016A06003D53C2 /* Resources */,
			);
			buildRules = (
			);
			dependencies = (
			);
			name = "Memo (macOS)";
			productName = "Memo (macOS)";
			productReference = 5250E12528016A06003D53C2 /* Memo.app */;
			productType = "com.apple.product-type.application";
		};
/* End PBXNativeTarget section */

/* Begin PBXProject section */
		5250E113280169FE003D53C2 /* Project object */ = {
			isa = PBXProject;
			attributes = {
				BuildIndependentTargetsInParallel = 1;
				LastSwiftUpdateCheck = 1330;
				LastUpgradeCheck = 1330;
				TargetAttributes = {
					5250E11E28016A06003D53C2 = {
						CreatedOnToolsVersion = 13.3;
					};
					5250E12428016A06003D53C2 = {
						CreatedOnToolsVersion = 13.3;
					};
				};
			};
			buildConfigurationList = 5250E116280169FE003D53C2 /* Build configuration list for PBXProject "Memo" */;
			compatibilityVersion = "Xcode 13.0";
			developmentRegion = en;
			hasScannedForEncodings = 0;
			knownRegions = (
				en,
				Base,
			);
			mainGroup = 5250E112280169FE003D53C2;
			productRefGroup = 5250E12028016A06003D53C2 /* Products */;
			projectDirPath = "";
			projectRoot = "";
			targets = (
				5250E11E28016A06003D53C2 /* Memo (iOS) */,
				5250E12428016A06003D53C2 /* Memo (macOS) */,
			);
		};
/* End PBXProject section */

/* Begin PBXResourcesBuildPhase section */
		5250E11D28016A06003D53C2 /* Resources */ = {
			isa = PBXResourcesBuildPhase;
			buildActionMask = 2147483647;
			files = (
				5250E12C28016A06003D53C2 /* Assets.xcassets in Resources */,
			);
			runOnlyForDeploymentPostprocessing = 0;
		};
		5250E12328016A06003D53C2 /* Resources */ = {
			isa = PBXResourcesBuildPhase;
			buildActionMask = 2147483647;
			files = (
				5250E12D28016A06003D53C2 /* Assets.xcassets in Resources */,
			);
			runOnlyForDeploymentPostprocessing = 0;
		};
/* End PBXResourcesBuildPhase section */

/* Begin PBXSourcesBuildPhase section */
		5250E11B28016A06003D53C2 /* Sources */ = {
			isa = PBXSourcesBuildPhase;
			buildActionMask = 2147483647;
			files = (
				5250E14628017AFF003D53C2 /* Temp.swift in Sources */,
				5250E12A28016A06003D53C2 /* Home.swift in Sources */,
				5250E14F280188F2003D53C2 /* Settings.swift in Sources */,
				5250E14328017381003D53C2 /* Border.swift in Sources */,
				5250E13C280170B2003D53C2 /* StrechyHeader.swift in Sources */,
				5250E13F2801727B003D53C2 /* View.swift in Sources */,
				5250E13728016F12003D53C2 /* Profile.swift in Sources */,
				5250E12828016A06003D53C2 /* MemoApp.swift in Sources */,
			);
			runOnlyForDeploymentPostprocessing = 0;
		};
		5250E12128016A06003D53C2 /* Sources */ = {
			isa = PBXSourcesBuildPhase;
			buildActionMask = 2147483647;
			files = (
				5250E14728017AFF003D53C2 /* Temp.swift in Sources */,
				5250E12B28016A06003D53C2 /* Home.swift in Sources */,
				5250E14428017381003D53C2 /* Border.swift in Sources */,
				5250E13D280170B2003D53C2 /* StrechyHeader.swift in Sources */,
				5250E1402801727B003D53C2 /* View.swift in Sources */,
				5250E13828016F12003D53C2 /* Profile.swift in Sources */,
				5250E12928016A06003D53C2 /* MemoApp.swift in Sources */,
			);
			runOnlyForDeploymentPostprocessing = 0;
		};
/* End PBXSourcesBuildPhase section */

/* Begin XCBuildConfiguration section */
		5250E12E28016A06003D53C2 /* Debug */ = {
			isa = XCBuildConfiguration;
			buildSettings = {
				ALWAYS_SEARCH_USER_PATHS = NO;
				CLANG_ANALYZER_NONNULL = YES;
				CLANG_ANALYZER_NUMBER_OBJECT_CONVERSION = YES_AGGRESSIVE;
				CLANG_CXX_LANGUAGE_STANDARD = "gnu++17";
				CLANG_ENABLE_MODULES = YES;
				CLANG_ENABLE_OBJC_ARC = YES;
				CLANG_ENABLE_OBJC_WEAK = YES;
				CLANG_WARN_BLOCK_CAPTURE_AUTORELEASING = YES;
				CLANG_WARN_BOOL_CONVERSION = YES;
				CLANG_WARN_COMMA = YES;
				CLANG_WARN_CONSTANT_CONVERSION = YES;
				CLANG_WARN_DEPRECATED_OBJC_IMPLEMENTATIONS = YES;
				CLANG_WARN_DIRECT_OBJC_ISA_USAGE = YES_ERROR;
				CLANG_WARN_DOCUMENTATION_COMMENTS = YES;
				CLANG_WARN_EMPTY_BODY = YES;
				CLANG_WARN_ENUM_CONVERSION = YES;
				CLANG_WARN_INFINITE_RECURSION = YES;
				CLANG_WARN_INT_CONVERSION = YES;
				CLANG_WARN_NON_LITERAL_NULL_CONVERSION = YES;
				CLANG_WARN_OBJC_IMPLICIT_RETAIN_SELF = YES;
				CLANG_WARN_OBJC_LITERAL_CONVERSION = YES;
				CLANG_WARN_OBJC_ROOT_CLASS = YES_ERROR;
				CLANG_WARN_QUOTED_INCLUDE_IN_FRAMEWORK_HEADER = YES;
				CLANG_WARN_RANGE_LOOP_ANALYSIS = YES;
				CLANG_WARN_STRICT_PROTOTYPES = YES;
				CLANG_WARN_SUSPICIOUS_MOVE = YES;
				CLANG_WARN_UNGUARDED_AVAILABILITY = YES_AGGRESSIVE;
				CLANG_WARN_UNREACHABLE_CODE = YES;
				CLANG_WARN__DUPLICATE_METHOD_MATCH = YES;
				COPY_PHASE_STRIP = NO;
				DEBUG_INFORMATION_FORMAT = dwarf;
				ENABLE_STRICT_OBJC_MSGSEND = YES;
				ENABLE_TESTABILITY = YES;
				GCC_C_LANGUAGE_STANDARD = gnu11;
				GCC_DYNAMIC_NO_PIC = NO;
				GCC_NO_COMMON_BLOCKS = YES;
				GCC_OPTIMIZATION_LEVEL = 0;
				GCC_PREPROCESSOR_DEFINITIONS = (
					"DEBUG=1",
					"$(inherited)",
				);
				GCC_WARN_64_TO_32_BIT_CONVERSION = YES;
				GCC_WARN_ABOUT_RETURN_TYPE = YES_ERROR;
				GCC_WARN_UNDECLARED_SELECTOR = YES;
				GCC_WARN_UNINITIALIZED_AUTOS = YES_AGGRESSIVE;
				GCC_WARN_UNUSED_FUNCTION = YES;
				GCC_WARN_UNUSED_VARIABLE = YES;
				MTL_ENABLE_DEBUG_INFO = INCLUDE_SOURCE;
				MTL_FAST_MATH = YES;
				ONLY_ACTIVE_ARCH = YES;
				SWIFT_ACTIVE_COMPILATION_CONDITIONS = DEBUG;
				SWIFT_OPTIMIZATION_LEVEL = "-Onone";
			};
			name = Debug;
		};
		5250E12F28016A06003D53C2 /* Release */ = {
			isa = XCBuildConfiguration;
			buildSettings = {
				ALWAYS_SEARCH_USER_PATHS = NO;
				CLANG_ANALYZER_NONNULL = YES;
				CLANG_ANALYZER_NUMBER_OBJECT_CONVERSION = YES_AGGRESSIVE;
				CLANG_CXX_LANGUAGE_STANDARD = "gnu++17";
				CLANG_ENABLE_MODULES = YES;
				CLANG_ENABLE_OBJC_ARC = YES;
				CLANG_ENABLE_OBJC_WEAK = YES;
				CLANG_WARN_BLOCK_CAPTURE_AUTORELEASING = YES;
				CLANG_WARN_BOOL_CONVERSION = YES;
				CLANG_WARN_COMMA = YES;
				CLANG_WARN_CONSTANT_CONVERSION = YES;
				CLANG_WARN_DEPRECATED_OBJC_IMPLEMENTATIONS = YES;
				CLANG_WARN_DIRECT_OBJC_ISA_USAGE = YES_ERROR;
				CLANG_WARN_DOCUMENTATION_COMMENTS = YES;
				CLANG_WARN_EMPTY_BODY = YES;
				CLANG_WARN_ENUM_CONVERSION = YES;
				CLANG_WARN_INFINITE_RECURSION = YES;
				CLANG_WARN_INT_CONVERSION = YES;
				CLANG_WARN_NON_LITERAL_NULL_CONVERSION = YES;
				CLANG_WARN_OBJC_IMPLICIT_RETAIN_SELF = YES;
				CLANG_WARN_OBJC_LITERAL_CONVERSION = YES;
				CLANG_WARN_OBJC_ROOT_CLASS = YES_ERROR;
				CLANG_WARN_QUOTED_INCLUDE_IN_FRAMEWORK_HEADER = YES;
				CLANG_WARN_RANGE_LOOP_ANALYSIS = YES;
				CLANG_WARN_STRICT_PROTOTYPES = YES;
				CLANG_WARN_SUSPICIOUS_MOVE = YES;
				CLANG_WARN_UNGUARDED_AVAILABILITY = YES_AGGRESSIVE;
				CLANG_WARN_UNREACHABLE_CODE = YES;
				CLANG_WARN__DUPLICATE_METHOD_MATCH = YES;
				COPY_PHASE_STRIP = NO;
				DEBUG_INFORMATION_FORMAT = "dwarf-with-dsym";
				ENABLE_NS_ASSERTIONS = NO;
				ENABLE_STRICT_OBJC_MSGSEND = YES;
				GCC_C_LANGUAGE_STANDARD = gnu11;
				GCC_NO_COMMON_BLOCKS = YES;
				GCC_WARN_64_TO_32_BIT_CONVERSION = YES;
				GCC_WARN_ABOUT_RETURN_TYPE = YES_ERROR;
				GCC_WARN_UNDECLARED_SELECTOR = YES;
				GCC_WARN_UNINITIALIZED_AUTOS = YES_AGGRESSIVE;
				GCC_WARN_UNUSED_FUNCTION = YES;
				GCC_WARN_UNUSED_VARIABLE = YES;
				MTL_ENABLE_DEBUG_INFO = NO;
				MTL_FAST_MATH = YES;
				SWIFT_COMPILATION_MODE = wholemodule;
				SWIFT_OPTIMIZATION_LEVEL = "-O";
			};
			name = Release;
		};
		5250E13128016A06003D53C2 /* Debug */ = {
			isa = XCBuildConfiguration;
			buildSettings = {
				ASSETCATALOG_COMPILER_APPICON_NAME = AppIcon;
				ASSETCATALOG_COMPILER_GLOBAL_ACCENT_COLOR_NAME = AccentColor;
				CODE_SIGN_STYLE = Automatic;
				CURRENT_PROJECT_VERSION = 1;
				DEVELOPMENT_TEAM = U6U7U5CXA5;
				ENABLE_PREVIEWS = YES;
				GENERATE_INFOPLIST_FILE = YES;
				INFOPLIST_KEY_UIApplicationSceneManifest_Generation = YES;
				INFOPLIST_KEY_UIApplicationSupportsIndirectInputEvents = YES;
				INFOPLIST_KEY_UILaunchScreen_Generation = YES;
				INFOPLIST_KEY_UISupportedInterfaceOrientations = UIInterfaceOrientationPortrait;
				INFOPLIST_KEY_UISupportedInterfaceOrientations_iPad = "UIInterfaceOrientationPortrait UIInterfaceOrientationPortraitUpsideDown UIInterfaceOrientationLandscapeLeft UIInterfaceOrientationLandscapeRight";
				INFOPLIST_KEY_UISupportedInterfaceOrientations_iPhone = "UIInterfaceOrientationPortrait UIInterfaceOrientationLandscapeLeft UIInterfaceOrientationLandscapeRight";
				IPHONEOS_DEPLOYMENT_TARGET = 15.4;
				LD_RUNPATH_SEARCH_PATHS = (
					"$(inherited)",
					"@executable_path/Frameworks",
				);
				MARKETING_VERSION = 1.0;
				PRODUCT_BUNDLE_IDENTIFIER = com.denchiklut.memo.Memo;
				PRODUCT_NAME = Memo;
				SDKROOT = iphoneos;
				SWIFT_EMIT_LOC_STRINGS = YES;
				SWIFT_VERSION = 5.0;
				TARGETED_DEVICE_FAMILY = "1,2";
			};
			name = Debug;
		};
		5250E13228016A06003D53C2 /* Release */ = {
			isa = XCBuildConfiguration;
			buildSettings = {
				ASSETCATALOG_COMPILER_APPICON_NAME = AppIcon;
				ASSETCATALOG_COMPILER_GLOBAL_ACCENT_COLOR_NAME = AccentColor;
				CODE_SIGN_STYLE = Automatic;
				CURRENT_PROJECT_VERSION = 1;
				DEVELOPMENT_TEAM = U6U7U5CXA5;
				ENABLE_PREVIEWS = YES;
				GENERATE_INFOPLIST_FILE = YES;
				INFOPLIST_KEY_UIApplicationSceneManifest_Generation = YES;
				INFOPLIST_KEY_UIApplicationSupportsIndirectInputEvents = YES;
				INFOPLIST_KEY_UILaunchScreen_Generation = YES;
				INFOPLIST_KEY_UISupportedInterfaceOrientations = UIInterfaceOrientationPortrait;
				INFOPLIST_KEY_UISupportedInterfaceOrientations_iPad = "UIInterfaceOrientationPortrait UIInterfaceOrientationPortraitUpsideDown UIInterfaceOrientationLandscapeLeft UIInterfaceOrientationLandscapeRight";
				INFOPLIST_KEY_UISupportedInterfaceOrientations_iPhone = "UIInterfaceOrientationPortrait UIInterfaceOrientationLandscapeLeft UIInterfaceOrientationLandscapeRight";
				IPHONEOS_DEPLOYMENT_TARGET = 15.4;
				LD_RUNPATH_SEARCH_PATHS = (
					"$(inherited)",
					"@executable_path/Frameworks",
				);
				MARKETING_VERSION = 1.0;
				PRODUCT_BUNDLE_IDENTIFIER = com.denchiklut.memo.Memo;
				PRODUCT_NAME = Memo;
				SDKROOT = iphoneos;
				SWIFT_EMIT_LOC_STRINGS = YES;
				SWIFT_VERSION = 5.0;
				TARGETED_DEVICE_FAMILY = "1,2";
				VALIDATE_PRODUCT = YES;
			};
			name = Release;
		};
		5250E13428016A06003D53C2 /* Debug */ = {
			isa = XCBuildConfiguration;
			buildSettings = {
				ASSETCATALOG_COMPILER_APPICON_NAME = AppIcon;
				ASSETCATALOG_COMPILER_GLOBAL_ACCENT_COLOR_NAME = AccentColor;
				CODE_SIGN_ENTITLEMENTS = macOS/macOS.entitlements;
				CODE_SIGN_STYLE = Automatic;
				COMBINE_HIDPI_IMAGES = YES;
				CURRENT_PROJECT_VERSION = 1;
				DEVELOPMENT_TEAM = U6U7U5CXA5;
				ENABLE_HARDENED_RUNTIME = YES;
				ENABLE_PREVIEWS = YES;
				GENERATE_INFOPLIST_FILE = YES;
				INFOPLIST_KEY_NSHumanReadableCopyright = "";
				LD_RUNPATH_SEARCH_PATHS = (
					"$(inherited)",
					"@executable_path/../Frameworks",
				);
				MACOSX_DEPLOYMENT_TARGET = 12.2;
				MARKETING_VERSION = 1.0;
				PRODUCT_BUNDLE_IDENTIFIER = com.denchiklut.memo.Memo;
				PRODUCT_NAME = Memo;
				SDKROOT = macosx;
				SWIFT_EMIT_LOC_STRINGS = YES;
				SWIFT_VERSION = 5.0;
			};
			name = Debug;
		};
		5250E13528016A06003D53C2 /* Release */ = {
			isa = XCBuildConfiguration;
			buildSettings = {
				ASSETCATALOG_COMPILER_APPICON_NAME = AppIcon;
				ASSETCATALOG_COMPILER_GLOBAL_ACCENT_COLOR_NAME = AccentColor;
				CODE_SIGN_ENTITLEMENTS = macOS/macOS.entitlements;
				CODE_SIGN_STYLE = Automatic;
				COMBINE_HIDPI_IMAGES = YES;
				CURRENT_PROJECT_VERSION = 1;
				DEVELOPMENT_TEAM = U6U7U5CXA5;
				ENABLE_HARDENED_RUNTIME = YES;
				ENABLE_PREVIEWS = YES;
				GENERATE_INFOPLIST_FILE = YES;
				INFOPLIST_KEY_NSHumanReadableCopyright = "";
				LD_RUNPATH_SEARCH_PATHS = (
					"$(inherited)",
					"@executable_path/../Frameworks",
				);
				MACOSX_DEPLOYMENT_TARGET = 12.2;
				MARKETING_VERSION = 1.0;
				PRODUCT_BUNDLE_IDENTIFIER = com.denchiklut.memo.Memo;
				PRODUCT_NAME = Memo;
				SDKROOT = macosx;
				SWIFT_EMIT_LOC_STRINGS = YES;
				SWIFT_VERSION = 5.0;
			};
			name = Release;
		};
/* End XCBuildConfiguration section */

/* Begin XCConfigurationList section */
		5250E116280169FE003D53C2 /* Build configuration list for PBXProject "Memo" */ = {
			isa = XCConfigurationList;
			buildConfigurations = (
				5250E12E28016A06003D53C2 /* Debug */,
				5250E12F28016A06003D53C2 /* Release */,
			);
			defaultConfigurationIsVisible = 0;
			defaultConfigurationName = Release;
		};
		5250E13028016A06003D53C2 /* Build configuration list for PBXNativeTarget "Memo (iOS)" */ = {
			isa = XCConfigurationList;
			buildConfigurations = (
				5250E13128016A06003D53C2 /* Debug */,
				5250E13228016A06003D53C2 /* Release */,
			);
			defaultConfigurationIsVisible = 0;
			defaultConfigurationName = Release;
		};
		5250E13328016A06003D53C2 /* Build configuration list for PBXNativeTarget "Memo (macOS)" */ = {
			isa = XCConfigurationList;
			buildConfigurations = (
				5250E13428016A06003D53C2 /* Debug */,
				5250E13528016A06003D53C2 /* Release */,
			);
			defaultConfigurationIsVisible = 0;
			defaultConfigurationName = Release;
		};
/* End XCConfigurationList section */
	};
	rootObject = 5250E113280169FE003D53C2 /* Project object */;
}
