// !$*UTF8*$!
{
	archiveVersion = 1;
	classes = {
	};
	objectVersion = 55;
	objects = {

/* Begin PBXBuildFile section */
		5240D3DE280742AB0050B6EF /* BlurView.swift in Sources */ = {isa = PBXBuildFile; fileRef = 5240D3DD280742AB0050B6EF /* BlurView.swift */; };
		5245CD392B94A61100B9A75D /* Stats.swift in Sources */ = {isa = PBXBuildFile; fileRef = 5245CD382B94A61100B9A75D /* Stats.swift */; };
		5245CD3B2B94A64700B9A75D /* Date.swift in Sources */ = {isa = PBXBuildFile; fileRef = 5245CD3A2B94A64700B9A75D /* Date.swift */; };
		5245CD3D2B94C75600B9A75D /* ChartRange.swift in Sources */ = {isa = PBXBuildFile; fileRef = 5245CD3C2B94C75600B9A75D /* ChartRange.swift */; };
		5245CD3F2B94C80600B9A75D /* StatChart.swift in Sources */ = {isa = PBXBuildFile; fileRef = 5245CD3E2B94C80600B9A75D /* StatChart.swift */; };
		5250E12828016A06003D53C2 /* MemoApp.swift in Sources */ = {isa = PBXBuildFile; fileRef = 5250E118280169FE003D53C2 /* MemoApp.swift */; };
		5250E12928016A06003D53C2 /* MemoApp.swift in Sources */ = {isa = PBXBuildFile; fileRef = 5250E118280169FE003D53C2 /* MemoApp.swift */; };
		5250E12A28016A06003D53C2 /* Home.swift in Sources */ = {isa = PBXBuildFile; fileRef = 5250E119280169FE003D53C2 /* Home.swift */; };
		5250E12B28016A06003D53C2 /* Home.swift in Sources */ = {isa = PBXBuildFile; fileRef = 5250E119280169FE003D53C2 /* Home.swift */; };
		5250E12C28016A06003D53C2 /* Assets.xcassets in Resources */ = {isa = PBXBuildFile; fileRef = 5250E11A28016A06003D53C2 /* Assets.xcassets */; };
		5250E12D28016A06003D53C2 /* Assets.xcassets in Resources */ = {isa = PBXBuildFile; fileRef = 5250E11A28016A06003D53C2 /* Assets.xcassets */; };
		5250E13728016F12003D53C2 /* Profile.swift in Sources */ = {isa = PBXBuildFile; fileRef = 5250E13628016F12003D53C2 /* Profile.swift */; };
		5250E13828016F12003D53C2 /* Profile.swift in Sources */ = {isa = PBXBuildFile; fileRef = 5250E13628016F12003D53C2 /* Profile.swift */; };
		5250E13C280170B2003D53C2 /* StrechyHeader.swift in Sources */ = {isa = PBXBuildFile; fileRef = 5250E13B280170B2003D53C2 /* StrechyHeader.swift */; };
		5250E13D280170B2003D53C2 /* StrechyHeader.swift in Sources */ = {isa = PBXBuildFile; fileRef = 5250E13B280170B2003D53C2 /* StrechyHeader.swift */; };
		5250E13F2801727B003D53C2 /* View.swift in Sources */ = {isa = PBXBuildFile; fileRef = 5250E13E2801727B003D53C2 /* View.swift */; };
		5250E1402801727B003D53C2 /* View.swift in Sources */ = {isa = PBXBuildFile; fileRef = 5250E13E2801727B003D53C2 /* View.swift */; };
		5250E14328017381003D53C2 /* Border.swift in Sources */ = {isa = PBXBuildFile; fileRef = 5250E14228017381003D53C2 /* Border.swift */; };
		5250E14428017381003D53C2 /* Border.swift in Sources */ = {isa = PBXBuildFile; fileRef = 5250E14228017381003D53C2 /* Border.swift */; };
		5250E14F280188F2003D53C2 /* Settings.swift in Sources */ = {isa = PBXBuildFile; fileRef = 5250E14E280188F2003D53C2 /* Settings.swift */; };
		5250E152280228ED003D53C2 /* Learn.swift in Sources */ = {isa = PBXBuildFile; fileRef = 5250E151280228ED003D53C2 /* Learn.swift */; };
		5250E1542802296C003D53C2 /* AppNav.swift in Sources */ = {isa = PBXBuildFile; fileRef = 5250E1532802296C003D53C2 /* AppNav.swift */; };
		5250E15A280315E8003D53C2 /* Trainings.swift in Sources */ = {isa = PBXBuildFile; fileRef = 5250E159280315E8003D53C2 /* Trainings.swift */; };
		5250E15E28031CD1003D53C2 /* AppHeader.swift in Sources */ = {isa = PBXBuildFile; fileRef = 5250E15D28031CD1003D53C2 /* AppHeader.swift */; };
		5250E16128032319003D53C2 /* Level.swift in Sources */ = {isa = PBXBuildFile; fileRef = 5250E16028032319003D53C2 /* Level.swift */; };
		5250E16428032B10003D53C2 /* Words.swift in Sources */ = {isa = PBXBuildFile; fileRef = 5250E16328032B10003D53C2 /* Words.swift */; };
		526ACC5F28086B6B008BE039 /* Language.swift in Sources */ = {isa = PBXBuildFile; fileRef = 526ACC5E28086B6B008BE039 /* Language.swift */; };
		526ACC62280870F3008BE039 /* HalfSheet.swift in Sources */ = {isa = PBXBuildFile; fileRef = 526ACC61280870F3008BE039 /* HalfSheet.swift */; };
		5283C8D22815A1D600AE3E1F /* PageViewController.swift in Sources */ = {isa = PBXBuildFile; fileRef = 5283C8D12815A1D600AE3E1F /* PageViewController.swift */; };
		5283C8D62815AEAC00AE3E1F /* PageView.swift in Sources */ = {isa = PBXBuildFile; fileRef = 5283C8D52815AEAC00AE3E1F /* PageView.swift */; };
		5283C8D82815B1F000AE3E1F /* LevelCell.swift in Sources */ = {isa = PBXBuildFile; fileRef = 5283C8D72815B1F000AE3E1F /* LevelCell.swift */; };
		52F6EEDD28E82D9A00A44565 /* GoogleService-Info.plist in Resources */ = {isa = PBXBuildFile; fileRef = 52F6EEDC28E82D9A00A44565 /* GoogleService-Info.plist */; };
		52F6EEDE28E82D9A00A44565 /* GoogleService-Info.plist in Resources */ = {isa = PBXBuildFile; fileRef = 52F6EEDC28E82D9A00A44565 /* GoogleService-Info.plist */; };
		52F6EEE128E873DF00A44565 /* TranslateWord.swift in Sources */ = {isa = PBXBuildFile; fileRef = 52F6EEE028E873DF00A44565 /* TranslateWord.swift */; };
		52F6EEE328E873F300A44565 /* WordBuilder.swift in Sources */ = {isa = PBXBuildFile; fileRef = 52F6EEE228E873F300A44565 /* WordBuilder.swift */; };
		52F6EEE528E8740E00A44565 /* WordListen.swift in Sources */ = {isa = PBXBuildFile; fileRef = 52F6EEE428E8740E00A44565 /* WordListen.swift */; };
		52F6EEE728E8746F00A44565 /* Consts.swift in Sources */ = {isa = PBXBuildFile; fileRef = 52F6EEE628E8746F00A44565 /* Consts.swift */; };
		52F6EEEA28E876CA00A44565 /* Liquid in Frameworks */ = {isa = PBXBuildFile; productRef = 52F6EEE928E876CA00A44565 /* Liquid */; };
		52F6EEED28E9E07800A44565 /* Lottie in Frameworks */ = {isa = PBXBuildFile; productRef = 52F6EEEC28E9E07800A44565 /* Lottie */; };
		52F6EEF728E9E8EE00A44565 /* LottieView.swift in Sources */ = {isa = PBXBuildFile; fileRef = 52F6EEF628E9E8EE00A44565 /* LottieView.swift */; };
		52F6EF0728E9FBCF00A44565 /* settings.json in Resources */ = {isa = PBXBuildFile; fileRef = 52F6EF0628E9FBCF00A44565 /* settings.json */; };
		52F6EF0928E9FC4100A44565 /* play.json in Resources */ = {isa = PBXBuildFile; fileRef = 52F6EF0828E9FC4100A44565 /* play.json */; };
		52F6EF0B28E9FC8D00A44565 /* book.json in Resources */ = {isa = PBXBuildFile; fileRef = 52F6EF0A28E9FC8D00A44565 /* book.json */; };
		52F6EF0D28E9FCC800A44565 /* hover-book.json in Resources */ = {isa = PBXBuildFile; fileRef = 52F6EF0C28E9FCC700A44565 /* hover-book.json */; };
/* End PBXBuildFile section */

/* Begin PBXFileReference section */
		5240D3DD280742AB0050B6EF /* BlurView.swift */ = {isa = PBXFileReference; lastKnownFileType = sourcecode.swift; path = BlurView.swift; sourceTree = "<group>"; };
		5245CD382B94A61100B9A75D /* Stats.swift */ = {isa = PBXFileReference; lastKnownFileType = sourcecode.swift; path = Stats.swift; sourceTree = "<group>"; };
		5245CD3A2B94A64700B9A75D /* Date.swift */ = {isa = PBXFileReference; lastKnownFileType = sourcecode.swift; path = Date.swift; sourceTree = "<group>"; };
		5245CD3C2B94C75600B9A75D /* ChartRange.swift */ = {isa = PBXFileReference; lastKnownFileType = sourcecode.swift; path = ChartRange.swift; sourceTree = "<group>"; };
		5245CD3E2B94C80600B9A75D /* StatChart.swift */ = {isa = PBXFileReference; lastKnownFileType = sourcecode.swift; path = StatChart.swift; sourceTree = "<group>"; };
		5250E118280169FE003D53C2 /* MemoApp.swift */ = {isa = PBXFileReference; lastKnownFileType = sourcecode.swift; path = MemoApp.swift; sourceTree = "<group>"; };
		5250E119280169FE003D53C2 /* Home.swift */ = {isa = PBXFileReference; lastKnownFileType = sourcecode.swift; path = Home.swift; sourceTree = "<group>"; };
		5250E11A28016A06003D53C2 /* Assets.xcassets */ = {isa = PBXFileReference; lastKnownFileType = folder.assetcatalog; path = Assets.xcassets; sourceTree = "<group>"; };
		5250E11F28016A06003D53C2 /* Memo.app */ = {isa = PBXFileReference; explicitFileType = wrapper.application; includeInIndex = 0; path = Memo.app; sourceTree = BUILT_PRODUCTS_DIR; };
		5250E12528016A06003D53C2 /* Memo.app */ = {isa = PBXFileReference; explicitFileType = wrapper.application; includeInIndex = 0; path = Memo.app; sourceTree = BUILT_PRODUCTS_DIR; };
		5250E12728016A06003D53C2 /* macOS.entitlements */ = {isa = PBXFileReference; lastKnownFileType = text.plist.entitlements; path = macOS.entitlements; sourceTree = "<group>"; };
		5250E13628016F12003D53C2 /* Profile.swift */ = {isa = PBXFileReference; lastKnownFileType = sourcecode.swift; path = Profile.swift; sourceTree = "<group>"; };
		5250E13B280170B2003D53C2 /* StrechyHeader.swift */ = {isa = PBXFileReference; lastKnownFileType = sourcecode.swift; path = StrechyHeader.swift; sourceTree = "<group>"; };
		5250E13E2801727B003D53C2 /* View.swift */ = {isa = PBXFileReference; lastKnownFileType = sourcecode.swift; path = View.swift; sourceTree = "<group>"; };
		5250E14228017381003D53C2 /* Border.swift */ = {isa = PBXFileReference; lastKnownFileType = sourcecode.swift; path = Border.swift; sourceTree = "<group>"; };
		5250E14E280188F2003D53C2 /* Settings.swift */ = {isa = PBXFileReference; lastKnownFileType = sourcecode.swift; path = Settings.swift; sourceTree = "<group>"; };
		5250E151280228ED003D53C2 /* Learn.swift */ = {isa = PBXFileReference; lastKnownFileType = sourcecode.swift; path = Learn.swift; sourceTree = "<group>"; };
		5250E1532802296C003D53C2 /* AppNav.swift */ = {isa = PBXFileReference; lastKnownFileType = sourcecode.swift; path = AppNav.swift; sourceTree = "<group>"; };
		5250E159280315E8003D53C2 /* Trainings.swift */ = {isa = PBXFileReference; lastKnownFileType = sourcecode.swift; path = Trainings.swift; sourceTree = "<group>"; };
		5250E15D28031CD1003D53C2 /* AppHeader.swift */ = {isa = PBXFileReference; lastKnownFileType = sourcecode.swift; path = AppHeader.swift; sourceTree = "<group>"; };
		5250E16028032319003D53C2 /* Level.swift */ = {isa = PBXFileReference; lastKnownFileType = sourcecode.swift; path = Level.swift; sourceTree = "<group>"; };
		5250E16328032B10003D53C2 /* Words.swift */ = {isa = PBXFileReference; lastKnownFileType = sourcecode.swift; path = Words.swift; sourceTree = "<group>"; };
		526ACC5E28086B6B008BE039 /* Language.swift */ = {isa = PBXFileReference; lastKnownFileType = sourcecode.swift; path = Language.swift; sourceTree = "<group>"; };
		526ACC61280870F3008BE039 /* HalfSheet.swift */ = {isa = PBXFileReference; lastKnownFileType = sourcecode.swift; path = HalfSheet.swift; sourceTree = "<group>"; };
		5283C8D12815A1D600AE3E1F /* PageViewController.swift */ = {isa = PBXFileReference; lastKnownFileType = sourcecode.swift; path = PageViewController.swift; sourceTree = "<group>"; };
		5283C8D52815AEAC00AE3E1F /* PageView.swift */ = {isa = PBXFileReference; lastKnownFileType = sourcecode.swift; path = PageView.swift; sourceTree = "<group>"; };
		5283C8D72815B1F000AE3E1F /* LevelCell.swift */ = {isa = PBXFileReference; lastKnownFileType = sourcecode.swift; path = LevelCell.swift; sourceTree = "<group>"; };
		52F6EEDC28E82D9A00A44565 /* GoogleService-Info.plist */ = {isa = PBXFileReference; fileEncoding = 4; lastKnownFileType = text.plist.xml; path = "GoogleService-Info.plist"; sourceTree = "<group>"; };
		52F6EEE028E873DF00A44565 /* TranslateWord.swift */ = {isa = PBXFileReference; lastKnownFileType = sourcecode.swift; path = TranslateWord.swift; sourceTree = "<group>"; };
		52F6EEE228E873F300A44565 /* WordBuilder.swift */ = {isa = PBXFileReference; lastKnownFileType = sourcecode.swift; path = WordBuilder.swift; sourceTree = "<group>"; };
		52F6EEE428E8740E00A44565 /* WordListen.swift */ = {isa = PBXFileReference; lastKnownFileType = sourcecode.swift; path = WordListen.swift; sourceTree = "<group>"; };
		52F6EEE628E8746F00A44565 /* Consts.swift */ = {isa = PBXFileReference; lastKnownFileType = sourcecode.swift; path = Consts.swift; sourceTree = "<group>"; };
		52F6EEF628E9E8EE00A44565 /* LottieView.swift */ = {isa = PBXFileReference; lastKnownFileType = sourcecode.swift; path = LottieView.swift; sourceTree = "<group>"; };
		52F6EF0628E9FBCF00A44565 /* settings.json */ = {isa = PBXFileReference; lastKnownFileType = text.json; path = settings.json; sourceTree = "<group>"; };
		52F6EF0828E9FC4100A44565 /* play.json */ = {isa = PBXFileReference; lastKnownFileType = text.json; path = play.json; sourceTree = "<group>"; };
		52F6EF0A28E9FC8D00A44565 /* book.json */ = {isa = PBXFileReference; lastKnownFileType = text.json; path = book.json; sourceTree = "<group>"; };
		52F6EF0C28E9FCC700A44565 /* hover-book.json */ = {isa = PBXFileReference; lastKnownFileType = text.json; path = "hover-book.json"; sourceTree = "<group>"; };
/* End PBXFileReference section */

/* Begin PBXFrameworksBuildPhase section */
		5250E11C28016A06003D53C2 /* Frameworks */ = {
			isa = PBXFrameworksBuildPhase;
			buildActionMask = 2147483647;
			files = (
				52F6EEED28E9E07800A44565 /* Lottie in Frameworks */,
				52F6EEEA28E876CA00A44565 /* Liquid in Frameworks */,
			);
			runOnlyForDeploymentPostprocessing = 0;
		};
		5250E12228016A06003D53C2 /* Frameworks */ = {
			isa = PBXFrameworksBuildPhase;
			buildActionMask = 2147483647;
			files = (
			);
			runOnlyForDeploymentPostprocessing = 0;
		};
/* End PBXFrameworksBuildPhase section */

/* Begin PBXGroup section */
		5240D3DC2807428F0050B6EF /* BlurView */ = {
			isa = PBXGroup;
			children = (
				5240D3DD280742AB0050B6EF /* BlurView.swift */,
			);
			path = BlurView;
			sourceTree = "<group>";
		};
		5245CD372B94A5F900B9A75D /* Stats */ = {
			isa = PBXGroup;
			children = (
				5245CD382B94A61100B9A75D /* Stats.swift */,
				5245CD3C2B94C75600B9A75D /* ChartRange.swift */,
				5245CD3E2B94C80600B9A75D /* StatChart.swift */,
			);
			path = Stats;
			sourceTree = "<group>";
		};
		5250E112280169FE003D53C2 = {
			isa = PBXGroup;
			children = (
				5250E117280169FE003D53C2 /* Shared */,
				5250E12628016A06003D53C2 /* macOS */,
				5250E12028016A06003D53C2 /* Products */,
			);
			sourceTree = "<group>";
		};
		5250E117280169FE003D53C2 /* Shared */ = {
			isa = PBXGroup;
			children = (
				52F6EEF428E9E8A300A44565 /* Models */,
				5250E13928017078003D53C2 /* Views */,
				52F6EEF028E9E2D700A44565 /* Icons */,
				5250E118280169FE003D53C2 /* MemoApp.swift */,
				52F6EEDC28E82D9A00A44565 /* GoogleService-Info.plist */,
				5250E11A28016A06003D53C2 /* Assets.xcassets */,
				5250E14128017282003D53C2 /* Extentions */,
				52F6EEE628E8746F00A44565 /* Consts.swift */,
			);
			path = Shared;
			sourceTree = "<group>";
		};
		5250E12028016A06003D53C2 /* Products */ = {
			isa = PBXGroup;
			children = (
				5250E11F28016A06003D53C2 /* Memo.app */,
				5250E12528016A06003D53C2 /* Memo.app */,
			);
			name = Products;
			sourceTree = "<group>";
		};
		5250E12628016A06003D53C2 /* macOS */ = {
			isa = PBXGroup;
			children = (
				5250E12728016A06003D53C2 /* macOS.entitlements */,
			);
			path = macOS;
			sourceTree = "<group>";
		};
		5250E13928017078003D53C2 /* Views */ = {
			isa = PBXGroup;
			children = (
				5250E13A28017090003D53C2 /* Shared */,
				5250E14828018790003D53C2 /* Profile */,
				5250E150280228D3003D53C2 /* Learn */,
				5250E16228032AE7003D53C2 /* Words */,
				5250E119280169FE003D53C2 /* Home.swift */,
			);
			path = Views;
			sourceTree = "<group>";
		};
		5250E13A28017090003D53C2 /* Shared */ = {
			isa = PBXGroup;
			children = (
				52F6EEF528E9E8D200A44565 /* LottieView */,
				5283C8CE2815988C00AE3E1F /* PageView */,
				526ACC60280870DD008BE039 /* HalfSheet */,
				5240D3DC2807428F0050B6EF /* BlurView */,
				5250E15C28031CBA003D53C2 /* AppHeader */,
				5250E15B28031CAA003D53C2 /* AppNav */,
			);
			path = Shared;
			sourceTree = "<group>";
		};
		5250E14128017282003D53C2 /* Extentions */ = {
			isa = PBXGroup;
			children = (
				5250E13E2801727B003D53C2 /* View.swift */,
				5250E14228017381003D53C2 /* Border.swift */,
				5245CD3A2B94A64700B9A75D /* Date.swift */,
			);
			path = Extentions;
			sourceTree = "<group>";
		};
		5250E14828018790003D53C2 /* Profile */ = {
			isa = PBXGroup;
			children = (
				5245CD372B94A5F900B9A75D /* Stats */,
				526ACC5D28086B4F008BE039 /* Language */,
				5250E14D280188E1003D53C2 /* Settings */,
				5250E149280187A0003D53C2 /* Header */,
				5250E13628016F12003D53C2 /* Profile.swift */,
			);
			path = Profile;
			sourceTree = "<group>";
		};
		5250E149280187A0003D53C2 /* Header */ = {
			isa = PBXGroup;
			children = (
				5250E13B280170B2003D53C2 /* StrechyHeader.swift */,
			);
			path = Header;
			sourceTree = "<group>";
		};
		5250E14D280188E1003D53C2 /* Settings */ = {
			isa = PBXGroup;
			children = (
				5250E14E280188F2003D53C2 /* Settings.swift */,
			);
			path = Settings;
			sourceTree = "<group>";
		};
		5250E150280228D3003D53C2 /* Learn */ = {
			isa = PBXGroup;
			children = (
				5250E15F28032309003D53C2 /* Level */,
				5250E158280315D5003D53C2 /* Trainings */,
				5250E151280228ED003D53C2 /* Learn.swift */,
			);
			path = Learn;
			sourceTree = "<group>";
		};
		5250E158280315D5003D53C2 /* Trainings */ = {
			isa = PBXGroup;
			children = (
				5250E159280315E8003D53C2 /* Trainings.swift */,
			);
			path = Trainings;
			sourceTree = "<group>";
		};
		5250E15B28031CAA003D53C2 /* AppNav */ = {
			isa = PBXGroup;
			children = (
				5250E1532802296C003D53C2 /* AppNav.swift */,
			);
			path = AppNav;
			sourceTree = "<group>";
		};
		5250E15C28031CBA003D53C2 /* AppHeader */ = {
			isa = PBXGroup;
			children = (
				5250E15D28031CD1003D53C2 /* AppHeader.swift */,
			);
			path = AppHeader;
			sourceTree = "<group>";
		};
		5250E15F28032309003D53C2 /* Level */ = {
			isa = PBXGroup;
			children = (
				52F6EEDF28E873AF00A44565 /* Levels */,
				5250E16028032319003D53C2 /* Level.swift */,
				5283C8D72815B1F000AE3E1F /* LevelCell.swift */,
			);
			path = Level;
			sourceTree = "<group>";
		};
		5250E16228032AE7003D53C2 /* Words */ = {
			isa = PBXGroup;
			children = (
				5250E16328032B10003D53C2 /* Words.swift */,
			);
			path = Words;
			sourceTree = "<group>";
		};
		526ACC5D28086B4F008BE039 /* Language */ = {
			isa = PBXGroup;
			children = (
				526ACC5E28086B6B008BE039 /* Language.swift */,
			);
			path = Language;
			sourceTree = "<group>";
		};
		526ACC60280870DD008BE039 /* HalfSheet */ = {
			isa = PBXGroup;
			children = (
				526ACC61280870F3008BE039 /* HalfSheet.swift */,
			);
			path = HalfSheet;
			sourceTree = "<group>";
		};
		5283C8CE2815988C00AE3E1F /* PageView */ = {
			isa = PBXGroup;
			children = (
				5283C8D12815A1D600AE3E1F /* PageViewController.swift */,
				5283C8D52815AEAC00AE3E1F /* PageView.swift */,
			);
			path = PageView;
			sourceTree = "<group>";
		};
		52F6EEDF28E873AF00A44565 /* Levels */ = {
			isa = PBXGroup;
			children = (
				52F6EEE028E873DF00A44565 /* TranslateWord.swift */,
				52F6EEE228E873F300A44565 /* WordBuilder.swift */,
				52F6EEE428E8740E00A44565 /* WordListen.swift */,
			);
			path = Levels;
			sourceTree = "<group>";
		};
		52F6EEF028E9E2D700A44565 /* Icons */ = {
			isa = PBXGroup;
			children = (
				52F6EF0C28E9FCC700A44565 /* hover-book.json */,
				52F6EF0A28E9FC8D00A44565 /* book.json */,
				52F6EF0628E9FBCF00A44565 /* settings.json */,
				52F6EF0828E9FC4100A44565 /* play.json */,
			);
			path = Icons;
			sourceTree = "<group>";
		};
		52F6EEF428E9E8A300A44565 /* Models */ = {
			isa = PBXGroup;
			children = (
			);
			path = Models;
			sourceTree = "<group>";
		};
		52F6EEF528E9E8D200A44565 /* LottieView */ = {
			isa = PBXGroup;
			children = (
				52F6EEF628E9E8EE00A44565 /* LottieView.swift */,
			);
			path = LottieView;
			sourceTree = "<group>";
		};
/* End PBXGroup section */

/* Begin PBXNativeTarget section */
		5250E11E28016A06003D53C2 /* Memo (iOS) */ = {
			isa = PBXNativeTarget;
			buildConfigurationList = 5250E13028016A06003D53C2 /* Build configuration list for PBXNativeTarget "Memo (iOS)" */;
			buildPhases = (
				5250E11B28016A06003D53C2 /* Sources */,
				5250E11C28016A06003D53C2 /* Frameworks */,
				5250E11D28016A06003D53C2 /* Resources */,
			);
			buildRules = (
			);
			dependencies = (
			);
			name = "Memo (iOS)";
			packageProductDependencies = (
				52F6EEE928E876CA00A44565 /* Liquid */,
				52F6EEEC28E9E07800A44565 /* Lottie */,
			);
			productName = "Memo (iOS)";
			productReference = 5250E11F28016A06003D53C2 /* Memo.app */;
			productType = "com.apple.product-type.application";
		};
		5250E12428016A06003D53C2 /* Memo (macOS) */ = {
			isa = PBXNativeTarget;
			buildConfigurationList = 5250E13328016A06003D53C2 /* Build configuration list for PBXNativeTarget "Memo (macOS)" */;
			buildPhases = (
				5250E12128016A06003D53C2 /* Sources */,
				5250E12228016A06003D53C2 /* Frameworks */,
				5250E12328016A06003D53C2 /* Resources */,
			);
			buildRules = (
			);
			dependencies = (
			);
			name = "Memo (macOS)";
			productName = "Memo (macOS)";
			productReference = 5250E12528016A06003D53C2 /* Memo.app */;
			productType = "com.apple.product-type.application";
		};
/* End PBXNativeTarget section */

/* Begin PBXProject section */
		5250E113280169FE003D53C2 /* Project object */ = {
			isa = PBXProject;
			attributes = {
				BuildIndependentTargetsInParallel = 1;
				LastSwiftUpdateCheck = 1330;
				LastUpgradeCheck = 1330;
				TargetAttributes = {
					5250E11E28016A06003D53C2 = {
						CreatedOnToolsVersion = 13.3;
					};
					5250E12428016A06003D53C2 = {
						CreatedOnToolsVersion = 13.3;
					};
				};
			};
			buildConfigurationList = 5250E116280169FE003D53C2 /* Build configuration list for PBXProject "Memo" */;
			compatibilityVersion = "Xcode 13.0";
			developmentRegion = en;
			hasScannedForEncodings = 0;
			knownRegions = (
				en,
				Base,
			);
			mainGroup = 5250E112280169FE003D53C2;
			packageReferences = (
				52F6EEE828E876C900A44565 /* XCRemoteSwiftPackageReference "liquid" */,
				52F6EEEB28E9E07800A44565 /* XCRemoteSwiftPackageReference "lottie-ios" */,
			);
			productRefGroup = 5250E12028016A06003D53C2 /* Products */;
			projectDirPath = "";
			projectRoot = "";
			targets = (
				5250E11E28016A06003D53C2 /* Memo (iOS) */,
				5250E12428016A06003D53C2 /* Memo (macOS) */,
			);
		};
/* End PBXProject section */

/* Begin PBXResourcesBuildPhase section */
		5250E11D28016A06003D53C2 /* Resources */ = {
			isa = PBXResourcesBuildPhase;
			buildActionMask = 2147483647;
			files = (
				52F6EF0D28E9FCC800A44565 /* hover-book.json in Resources */,
				52F6EF0B28E9FC8D00A44565 /* book.json in Resources */,
				52F6EF0928E9FC4100A44565 /* play.json in Resources */,
				52F6EF0728E9FBCF00A44565 /* settings.json in Resources */,
				5250E12C28016A06003D53C2 /* Assets.xcassets in Resources */,
				52F6EEDD28E82D9A00A44565 /* GoogleService-Info.plist in Resources */,
			);
			runOnlyForDeploymentPostprocessing = 0;
		};
		5250E12328016A06003D53C2 /* Resources */ = {
			isa = PBXResourcesBuildPhase;
			buildActionMask = 2147483647;
			files = (
				5250E12D28016A06003D53C2 /* Assets.xcassets in Resources */,
				52F6EEDE28E82D9A00A44565 /* GoogleService-Info.plist in Resources */,
			);
			runOnlyForDeploymentPostprocessing = 0;
		};
/* End PBXResourcesBuildPhase section */

/* Begin PBXSourcesBuildPhase section */
		5250E11B28016A06003D53C2 /* Sources */ = {
			isa = PBXSourcesBuildPhase;
			buildActionMask = 2147483647;
			files = (
				52F6EEE128E873DF00A44565 /* TranslateWord.swift in Sources */,
				5250E12A28016A06003D53C2 /* Home.swift in Sources */,
				5240D3DE280742AB0050B6EF /* BlurView.swift in Sources */,
				52F6EEE728E8746F00A44565 /* Consts.swift in Sources */,
				5245CD3D2B94C75600B9A75D /* ChartRange.swift in Sources */,
				5250E152280228ED003D53C2 /* Learn.swift in Sources */,
				5250E14F280188F2003D53C2 /* Settings.swift in Sources */,
				5250E15E28031CD1003D53C2 /* AppHeader.swift in Sources */,
				5250E14328017381003D53C2 /* Border.swift in Sources */,
				5283C8D62815AEAC00AE3E1F /* PageView.swift in Sources */,
				526ACC5F28086B6B008BE039 /* Language.swift in Sources */,
				5283C8D22815A1D600AE3E1F /* PageViewController.swift in Sources */,
				5245CD3B2B94A64700B9A75D /* Date.swift in Sources */,
				52F6EEE528E8740E00A44565 /* WordListen.swift in Sources */,
				52F6EEF728E9E8EE00A44565 /* LottieView.swift in Sources */,
				5250E15A280315E8003D53C2 /* Trainings.swift in Sources */,
				5250E16128032319003D53C2 /* Level.swift in Sources */,
				5250E13C280170B2003D53C2 /* StrechyHeader.swift in Sources */,
				5283C8D82815B1F000AE3E1F /* LevelCell.swift in Sources */,
				5250E13F2801727B003D53C2 /* View.swift in Sources */,
				5250E1542802296C003D53C2 /* AppNav.swift in Sources */,
				5250E16428032B10003D53C2 /* Words.swift in Sources */,
				5250E13728016F12003D53C2 /* Profile.swift in Sources */,
				5245CD392B94A61100B9A75D /* Stats.swift in Sources */,
				5245CD3F2B94C80600B9A75D /* StatChart.swift in Sources */,
				526ACC62280870F3008BE039 /* HalfSheet.swift in Sources */,
				5250E12828016A06003D53C2 /* MemoApp.swift in Sources */,
				52F6EEE328E873F300A44565 /* WordBuilder.swift in Sources */,
			);
			runOnlyForDeploymentPostprocessing = 0;
		};
		5250E12128016A06003D53C2 /* Sources */ = {
			isa = PBXSourcesBuildPhase;
			buildActionMask = 2147483647;
			files = (
				5250E12B28016A06003D53C2 /* Home.swift in Sources */,
				5250E14428017381003D53C2 /* Border.swift in Sources */,
				5250E13D280170B2003D53C2 /* StrechyHeader.swift in Sources */,
				5250E1402801727B003D53C2 /* View.swift in Sources */,
				5250E13828016F12003D53C2 /* Profile.swift in Sources */,
				5250E12928016A06003D53C2 /* MemoApp.swift in Sources */,
			);
			runOnlyForDeploymentPostprocessing = 0;
		};
/* End PBXSourcesBuildPhase section */

/* Begin XCBuildConfiguration section */
		5250E12E28016A06003D53C2 /* Debug */ = {
			isa = XCBuildConfiguration;
			buildSettings = {
				ALWAYS_SEARCH_USER_PATHS = NO;
				CLANG_ANALYZER_NONNULL = YES;
				CLANG_ANALYZER_NUMBER_OBJECT_CONVERSION = YES_AGGRESSIVE;
				CLANG_CXX_LANGUAGE_STANDARD = "gnu++17";
				CLANG_ENABLE_MODULES = YES;
				CLANG_ENABLE_OBJC_ARC = YES;
				CLANG_ENABLE_OBJC_WEAK = YES;
				CLANG_WARN_BLOCK_CAPTURE_AUTORELEASING = YES;
				CLANG_WARN_BOOL_CONVERSION = YES;
				CLANG_WARN_COMMA = YES;
				CLANG_WARN_CONSTANT_CONVERSION = YES;
				CLANG_WARN_DEPRECATED_OBJC_IMPLEMENTATIONS = YES;
				CLANG_WARN_DIRECT_OBJC_ISA_USAGE = YES_ERROR;
				CLANG_WARN_DOCUMENTATION_COMMENTS = YES;
				CLANG_WARN_EMPTY_BODY = YES;
				CLANG_WARN_ENUM_CONVERSION = YES;
				CLANG_WARN_INFINITE_RECURSION = YES;
				CLANG_WARN_INT_CONVERSION = YES;
				CLANG_WARN_NON_LITERAL_NULL_CONVERSION = YES;
				CLANG_WARN_OBJC_IMPLICIT_RETAIN_SELF = YES;
				CLANG_WARN_OBJC_LITERAL_CONVERSION = YES;
				CLANG_WARN_OBJC_ROOT_CLASS = YES_ERROR;
				CLANG_WARN_QUOTED_INCLUDE_IN_FRAMEWORK_HEADER = YES;
				CLANG_WARN_RANGE_LOOP_ANALYSIS = YES;
				CLANG_WARN_STRICT_PROTOTYPES = YES;
				CLANG_WARN_SUSPICIOUS_MOVE = YES;
				CLANG_WARN_UNGUARDED_AVAILABILITY = YES_AGGRESSIVE;
				CLANG_WARN_UNREACHABLE_CODE = YES;
				CLANG_WARN__DUPLICATE_METHOD_MATCH = YES;
				COPY_PHASE_STRIP = NO;
				DEBUG_INFORMATION_FORMAT = dwarf;
				ENABLE_STRICT_OBJC_MSGSEND = YES;
				ENABLE_TESTABILITY = YES;
				GCC_C_LANGUAGE_STANDARD = gnu11;
				GCC_DYNAMIC_NO_PIC = NO;
				GCC_NO_COMMON_BLOCKS = YES;
				GCC_OPTIMIZATION_LEVEL = 0;
				GCC_PREPROCESSOR_DEFINITIONS = (
					"DEBUG=1",
					"$(inherited)",
				);
				GCC_WARN_64_TO_32_BIT_CONVERSION = YES;
				GCC_WARN_ABOUT_RETURN_TYPE = YES_ERROR;
				GCC_WARN_UNDECLARED_SELECTOR = YES;
				GCC_WARN_UNINITIALIZED_AUTOS = YES_AGGRESSIVE;
				GCC_WARN_UNUSED_FUNCTION = YES;
				GCC_WARN_UNUSED_VARIABLE = YES;
				MTL_ENABLE_DEBUG_INFO = INCLUDE_SOURCE;
				MTL_FAST_MATH = YES;
				ONLY_ACTIVE_ARCH = YES;
				SWIFT_ACTIVE_COMPILATION_CONDITIONS = DEBUG;
				SWIFT_OPTIMIZATION_LEVEL = "-Onone";
			};
			name = Debug;
		};
		5250E12F28016A06003D53C2 /* Release */ = {
			isa = XCBuildConfiguration;
			buildSettings = {
				ALWAYS_SEARCH_USER_PATHS = NO;
				CLANG_ANALYZER_NONNULL = YES;
				CLANG_ANALYZER_NUMBER_OBJECT_CONVERSION = YES_AGGRESSIVE;
				CLANG_CXX_LANGUAGE_STANDARD = "gnu++17";
				CLANG_ENABLE_MODULES = YES;
				CLANG_ENABLE_OBJC_ARC = YES;
				CLANG_ENABLE_OBJC_WEAK = YES;
				CLANG_WARN_BLOCK_CAPTURE_AUTORELEASING = YES;
				CLANG_WARN_BOOL_CONVERSION = YES;
				CLANG_WARN_COMMA = YES;
				CLANG_WARN_CONSTANT_CONVERSION = YES;
				CLANG_WARN_DEPRECATED_OBJC_IMPLEMENTATIONS = YES;
				CLANG_WARN_DIRECT_OBJC_ISA_USAGE = YES_ERROR;
				CLANG_WARN_DOCUMENTATION_COMMENTS = YES;
				CLANG_WARN_EMPTY_BODY = YES;
				CLANG_WARN_ENUM_CONVERSION = YES;
				CLANG_WARN_INFINITE_RECURSION = YES;
				CLANG_WARN_INT_CONVERSION = YES;
				CLANG_WARN_NON_LITERAL_NULL_CONVERSION = YES;
				CLANG_WARN_OBJC_IMPLICIT_RETAIN_SELF = YES;
				CLANG_WARN_OBJC_LITERAL_CONVERSION = YES;
				CLANG_WARN_OBJC_ROOT_CLASS = YES_ERROR;
				CLANG_WARN_QUOTED_INCLUDE_IN_FRAMEWORK_HEADER = YES;
				CLANG_WARN_RANGE_LOOP_ANALYSIS = YES;
				CLANG_WARN_STRICT_PROTOTYPES = YES;
				CLANG_WARN_SUSPICIOUS_MOVE = YES;
				CLANG_WARN_UNGUARDED_AVAILABILITY = YES_AGGRESSIVE;
				CLANG_WARN_UNREACHABLE_CODE = YES;
				CLANG_WARN__DUPLICATE_METHOD_MATCH = YES;
				COPY_PHASE_STRIP = NO;
				DEBUG_INFORMATION_FORMAT = "dwarf-with-dsym";
				ENABLE_NS_ASSERTIONS = NO;
				ENABLE_STRICT_OBJC_MSGSEND = YES;
				GCC_C_LANGUAGE_STANDARD = gnu11;
				GCC_NO_COMMON_BLOCKS = YES;
				GCC_WARN_64_TO_32_BIT_CONVERSION = YES;
				GCC_WARN_ABOUT_RETURN_TYPE = YES_ERROR;
				GCC_WARN_UNDECLARED_SELECTOR = YES;
				GCC_WARN_UNINITIALIZED_AUTOS = YES_AGGRESSIVE;
				GCC_WARN_UNUSED_FUNCTION = YES;
				GCC_WARN_UNUSED_VARIABLE = YES;
				MTL_ENABLE_DEBUG_INFO = NO;
				MTL_FAST_MATH = YES;
				SWIFT_COMPILATION_MODE = wholemodule;
				SWIFT_OPTIMIZATION_LEVEL = "-O";
			};
			name = Release;
		};
		5250E13128016A06003D53C2 /* Debug */ = {
			isa = XCBuildConfiguration;
			buildSettings = {
				ASSETCATALOG_COMPILER_APPICON_NAME = AppIcon;
				ASSETCATALOG_COMPILER_GLOBAL_ACCENT_COLOR_NAME = AccentColor;
				CODE_SIGN_STYLE = Automatic;
				CURRENT_PROJECT_VERSION = 1;
				DEVELOPMENT_TEAM = U6U7U5CXA5;
				ENABLE_PREVIEWS = YES;
				GENERATE_INFOPLIST_FILE = YES;
				INFOPLIST_KEY_UIApplicationSceneManifest_Generation = YES;
				INFOPLIST_KEY_UIApplicationSupportsIndirectInputEvents = YES;
				INFOPLIST_KEY_UILaunchScreen_Generation = YES;
				INFOPLIST_KEY_UISupportedInterfaceOrientations = UIInterfaceOrientationPortrait;
				INFOPLIST_KEY_UISupportedInterfaceOrientations_iPad = "UIInterfaceOrientationPortrait UIInterfaceOrientationPortraitUpsideDown UIInterfaceOrientationLandscapeLeft UIInterfaceOrientationLandscapeRight";
				INFOPLIST_KEY_UISupportedInterfaceOrientations_iPhone = "UIInterfaceOrientationPortrait UIInterfaceOrientationLandscapeLeft UIInterfaceOrientationLandscapeRight";
				IPHONEOS_DEPLOYMENT_TARGET = 16.0;
				LD_RUNPATH_SEARCH_PATHS = (
					"$(inherited)",
					"@executable_path/Frameworks",
				);
				MARKETING_VERSION = 1.0;
				PRODUCT_BUNDLE_IDENTIFIER = com.denchiklut.memo.Memo;
				PRODUCT_NAME = Memo;
				SDKROOT = iphoneos;
				SWIFT_EMIT_LOC_STRINGS = YES;
				SWIFT_VERSION = 5.0;
				TARGETED_DEVICE_FAMILY = "1,2";
			};
			name = Debug;
		};
		5250E13228016A06003D53C2 /* Release */ = {
			isa = XCBuildConfiguration;
			buildSettings = {
				ASSETCATALOG_COMPILER_APPICON_NAME = AppIcon;
				ASSETCATALOG_COMPILER_GLOBAL_ACCENT_COLOR_NAME = AccentColor;
				CODE_SIGN_STYLE = Automatic;
				CURRENT_PROJECT_VERSION = 1;
				DEVELOPMENT_TEAM = U6U7U5CXA5;
				ENABLE_PREVIEWS = YES;
				GENERATE_INFOPLIST_FILE = YES;
				INFOPLIST_KEY_UIApplicationSceneManifest_Generation = YES;
				INFOPLIST_KEY_UIApplicationSupportsIndirectInputEvents = YES;
				INFOPLIST_KEY_UILaunchScreen_Generation = YES;
				INFOPLIST_KEY_UISupportedInterfaceOrientations = UIInterfaceOrientationPortrait;
				INFOPLIST_KEY_UISupportedInterfaceOrientations_iPad = "UIInterfaceOrientationPortrait UIInterfaceOrientationPortraitUpsideDown UIInterfaceOrientationLandscapeLeft UIInterfaceOrientationLandscapeRight";
				INFOPLIST_KEY_UISupportedInterfaceOrientations_iPhone = "UIInterfaceOrientationPortrait UIInterfaceOrientationLandscapeLeft UIInterfaceOrientationLandscapeRight";
				IPHONEOS_DEPLOYMENT_TARGET = 16.0;
				LD_RUNPATH_SEARCH_PATHS = (
					"$(inherited)",
					"@executable_path/Frameworks",
				);
				MARKETING_VERSION = 1.0;
				PRODUCT_BUNDLE_IDENTIFIER = com.denchiklut.memo.Memo;
				PRODUCT_NAME = Memo;
				SDKROOT = iphoneos;
				SWIFT_EMIT_LOC_STRINGS = YES;
				SWIFT_VERSION = 5.0;
				TARGETED_DEVICE_FAMILY = "1,2";
				VALIDATE_PRODUCT = YES;
			};
			name = Release;
		};
		5250E13428016A06003D53C2 /* Debug */ = {
			isa = XCBuildConfiguration;
			buildSettings = {
				ASSETCATALOG_COMPILER_APPICON_NAME = AppIcon;
				ASSETCATALOG_COMPILER_GLOBAL_ACCENT_COLOR_NAME = AccentColor;
				CODE_SIGN_ENTITLEMENTS = macOS/macOS.entitlements;
				CODE_SIGN_STYLE = Automatic;
				COMBINE_HIDPI_IMAGES = YES;
				CURRENT_PROJECT_VERSION = 1;
				DEVELOPMENT_TEAM = U6U7U5CXA5;
				ENABLE_HARDENED_RUNTIME = YES;
				ENABLE_PREVIEWS = YES;
				GENERATE_INFOPLIST_FILE = YES;
				INFOPLIST_KEY_NSHumanReadableCopyright = "";
				LD_RUNPATH_SEARCH_PATHS = (
					"$(inherited)",
					"@executable_path/../Frameworks",
				);
				MACOSX_DEPLOYMENT_TARGET = 12.2;
				MARKETING_VERSION = 1.0;
				PRODUCT_BUNDLE_IDENTIFIER = com.denchiklut.memo.Memo;
				PRODUCT_NAME = Memo;
				SDKROOT = macosx;
				SWIFT_EMIT_LOC_STRINGS = YES;
				SWIFT_VERSION = 5.0;
			};
			name = Debug;
		};
		5250E13528016A06003D53C2 /* Release */ = {
			isa = XCBuildConfiguration;
			buildSettings = {
				ASSETCATALOG_COMPILER_APPICON_NAME = AppIcon;
				ASSETCATALOG_COMPILER_GLOBAL_ACCENT_COLOR_NAME = AccentColor;
				CODE_SIGN_ENTITLEMENTS = macOS/macOS.entitlements;
				CODE_SIGN_STYLE = Automatic;
				COMBINE_HIDPI_IMAGES = YES;
				CURRENT_PROJECT_VERSION = 1;
				DEVELOPMENT_TEAM = U6U7U5CXA5;
				ENABLE_HARDENED_RUNTIME = YES;
				ENABLE_PREVIEWS = YES;
				GENERATE_INFOPLIST_FILE = YES;
				INFOPLIST_KEY_NSHumanReadableCopyright = "";
				LD_RUNPATH_SEARCH_PATHS = (
					"$(inherited)",
					"@executable_path/../Frameworks",
				);
				MACOSX_DEPLOYMENT_TARGET = 12.2;
				MARKETING_VERSION = 1.0;
				PRODUCT_BUNDLE_IDENTIFIER = com.denchiklut.memo.Memo;
				PRODUCT_NAME = Memo;
				SDKROOT = macosx;
				SWIFT_EMIT_LOC_STRINGS = YES;
				SWIFT_VERSION = 5.0;
			};
			name = Release;
		};
/* End XCBuildConfiguration section */

/* Begin XCConfigurationList section */
		5250E116280169FE003D53C2 /* Build configuration list for PBXProject "Memo" */ = {
			isa = XCConfigurationList;
			buildConfigurations = (
				5250E12E28016A06003D53C2 /* Debug */,
				5250E12F28016A06003D53C2 /* Release */,
			);
			defaultConfigurationIsVisible = 0;
			defaultConfigurationName = Release;
		};
		5250E13028016A06003D53C2 /* Build configuration list for PBXNativeTarget "Memo (iOS)" */ = {
			isa = XCConfigurationList;
			buildConfigurations = (
				5250E13128016A06003D53C2 /* Debug */,
				5250E13228016A06003D53C2 /* Release */,
			);
			defaultConfigurationIsVisible = 0;
			defaultConfigurationName = Release;
		};
		5250E13328016A06003D53C2 /* Build configuration list for PBXNativeTarget "Memo (macOS)" */ = {
			isa = XCConfigurationList;
			buildConfigurations = (
				5250E13428016A06003D53C2 /* Debug */,
				5250E13528016A06003D53C2 /* Release */,
			);
			defaultConfigurationIsVisible = 0;
			defaultConfigurationName = Release;
		};
/* End XCConfigurationList section */

/* Begin XCRemoteSwiftPackageReference section */
		52F6EEE828E876C900A44565 /* XCRemoteSwiftPackageReference "liquid" */ = {
			isa = XCRemoteSwiftPackageReference;
			repositoryURL = "https://github.com/maustinstar/liquid";
			requirement = {
				branch = master;
				kind = branch;
			};
		};
		52F6EEEB28E9E07800A44565 /* XCRemoteSwiftPackageReference "lottie-ios" */ = {
			isa = XCRemoteSwiftPackageReference;
			repositoryURL = "https://github.com/airbnb/lottie-ios";
			requirement = {
				kind = upToNextMajorVersion;
				minimumVersion = 3.0.0;
			};
		};
/* End XCRemoteSwiftPackageReference section */

/* Begin XCSwiftPackageProductDependency section */
		52F6EEE928E876CA00A44565 /* Liquid */ = {
			isa = XCSwiftPackageProductDependency;
			package = 52F6EEE828E876C900A44565 /* XCRemoteSwiftPackageReference "liquid" */;
			productName = Liquid;
		};
		52F6EEEC28E9E07800A44565 /* Lottie */ = {
			isa = XCSwiftPackageProductDependency;
			package = 52F6EEEB28E9E07800A44565 /* XCRemoteSwiftPackageReference "lottie-ios" */;
			productName = Lottie;
		};
/* End XCSwiftPackageProductDependency section */
	};
	rootObject = 5250E113280169FE003D53C2 /* Project object */;
}
